
Microsoft Visual Studio Solution File, Format Version 12.00
# Visual Studio 2013
VisualStudioVersion = 12.0.30723.0
MinimumVisualStudioVersion = 10.0.40219.1
Project("{FAE04EC0-301F-11D3-BF4B-00C04F79EFBC}") = "1DV402.S2.L02C", "1DV402.S2.L02C\1DV402.S2.L02C.csproj", "{9799E8FC-6C78-43CA-BEF6-E24C660B54A8}"
EndProject
Global
	GlobalSection(SolutionConfigurationPlatforms) = preSolution
		Debug|Any CPU = Debug|Any CPU
		Release|Any CPU = Release|Any CPU
	EndGlobalSection
	GlobalSection(ProjectConfigurationPlatforms) = postSolution
		{9799E8FC-6C78-43CA-BEF6-E24C660B54A8}.Debug|Any CPU.ActiveCfg = Debug|Any CPU
		{9799E8FC-6C78-43CA-BEF6-E24C660B54A8}.Debug|Any CPU.Build.0 = Debug|Any CPU
		{9799E8FC-6C78-43CA-BEF6-E24C660B54A8}.Release|Any CPU.ActiveCfg = Release|Any CPU
		{9799E8FC-6C78-43CA-BEF6-E24C660B54A8}.Release|Any CPU.Build.0 = Release|Any CPU
	EndGlobalSection
	GlobalSection(SolutionProperties) = preSolution
		HideSolutionNode = FALSE
	EndGlobalSection
EndGlobal
